
Microsoft Visual Studio Solution File, Format Version 12.00
# Visual Studio Version 17
VisualStudioVersion = 17.4.33110.190
MinimumVisualStudioVersion = 10.0.40219.1
Project("{9A19103F-16F7-4668-BE54-9A1E7A4F7556}") = "FiveStarTours", "FiveStarTours\FiveStarTours.csproj", "{8395D739-3F3D-447D-9A72-9FBBFB96D073}"
EndProject
Global
	GlobalSection(SolutionConfigurationPlatforms) = preSolution
		Debug|Any CPU = Debug|Any CPU
		Release|Any CPU = Release|Any CPU
	EndGlobalSection
	GlobalSection(ProjectConfigurationPlatforms) = postSolution
		{8395D739-3F3D-447D-9A72-9FBBFB96D073}.Debug|Any CPU.ActiveCfg = Debug|Any CPU
		{8395D739-3F3D-447D-9A72-9FBBFB96D073}.Debug|Any CPU.Build.0 = Debug|Any CPU
		{8395D739-3F3D-447D-9A72-9FBBFB96D073}.Release|Any CPU.ActiveCfg = Release|Any CPU
		{8395D739-3F3D-447D-9A72-9FBBFB96D073}.Release|Any CPU.Build.0 = Release|Any CPU
	EndGlobalSection
	GlobalSection(SolutionProperties) = preSolution
		HideSolutionNode = FALSE
	EndGlobalSection
	GlobalSection(ExtensibilityGlobals) = postSolution
		SolutionGuid = {ECE88C0C-90A8-452B-94AE-FF3132EE3509}
	EndGlobalSection
EndGlobal
